
Microsoft Visual Studio Solution File, Format Version 11.00
# Visual Studio 2010
Project("{FAE04EC0-301F-11D3-BF4B-00C04F79EFBC}") = "TesARToolkit", "Assembly-CSharp.csproj", "{DA8D4E74-656B-8985-E511-C25100D93800}"
EndProject
Project("{FAE04EC0-301F-11D3-BF4B-00C04F79EFBC}") = "TesARToolkit", "Assembly-CSharp-Editor.csproj", "{C69A6F4E-983A-AE8E-14FF-3DC02DB8F8B2}"
EndProject
Global
	GlobalSection(SolutionConfigurationPlatforms) = preSolution
		Debug|Any CPU = Debug|Any CPU
		Release|Any CPU = Release|Any CPU
	EndGlobalSection
	GlobalSection(ProjectConfigurationPlatforms) = postSolution
		{DA8D4E74-656B-8985-E511-C25100D93800}.Debug|Any CPU.ActiveCfg = Debug|Any CPU
		{DA8D4E74-656B-8985-E511-C25100D93800}.Debug|Any CPU.Build.0 = Debug|Any CPU
		{DA8D4E74-656B-8985-E511-C25100D93800}.Release|Any CPU.ActiveCfg = Release|Any CPU
		{DA8D4E74-656B-8985-E511-C25100D93800}.Release|Any CPU.Build.0 = Release|Any CPU
		{C69A6F4E-983A-AE8E-14FF-3DC02DB8F8B2}.Debug|Any CPU.ActiveCfg = Debug|Any CPU
		{C69A6F4E-983A-AE8E-14FF-3DC02DB8F8B2}.Debug|Any CPU.Build.0 = Debug|Any CPU
		{C69A6F4E-983A-AE8E-14FF-3DC02DB8F8B2}.Release|Any CPU.ActiveCfg = Release|Any CPU
		{C69A6F4E-983A-AE8E-14FF-3DC02DB8F8B2}.Release|Any CPU.Build.0 = Release|Any CPU
	EndGlobalSection
	GlobalSection(SolutionProperties) = preSolution
		HideSolutionNode = FALSE
	EndGlobalSection
	GlobalSection(MonoDevelopProperties) = preSolution
		StartupItem = Assembly-CSharp.csproj
	EndGlobalSection
EndGlobal
